
Microsoft Visual Studio Solution File, Format Version 12.00
# Visual Studio Version 17
VisualStudioVersion = 17.6.33829.357
MinimumVisualStudioVersion = 10.0.40219.1
Project("{FAE04EC0-301F-11D3-BF4B-00C04F79EFBC}") = "Employee", "SobrangHirap\Employee.csproj", "{AADBE922-6034-4CF5-841F-3B5F58511C85}"
EndProject
Global
	GlobalSection(SolutionConfigurationPlatforms) = preSolution
		Debug|Any CPU = Debug|Any CPU
		Release|Any CPU = Release|Any CPU
	EndGlobalSection
	GlobalSection(ProjectConfigurationPlatforms) = postSolution
		{AADBE922-6034-4CF5-841F-3B5F58511C85}.Debug|Any CPU.ActiveCfg = Debug|Any CPU
		{AADBE922-6034-4CF5-841F-3B5F58511C85}.Debug|Any CPU.Build.0 = Debug|Any CPU
		{AADBE922-6034-4CF5-841F-3B5F58511C85}.Release|Any CPU.ActiveCfg = Release|Any CPU
		{AADBE922-6034-4CF5-841F-3B5F58511C85}.Release|Any CPU.Build.0 = Release|Any CPU
	EndGlobalSection
	GlobalSection(SolutionProperties) = preSolution
		HideSolutionNode = FALSE
	EndGlobalSection
	GlobalSection(ExtensibilityGlobals) = postSolution
		SolutionGuid = {FA1D10C1-C5A8-473A-A96C-C0586C51B257}
	EndGlobalSection
EndGlobal
